{
    "requires": true,
    "lockfileVersion": 1,
    "dependencies": {
        "laravel-echo": {
            "version": "1.11.0",
            "resolved": "https://registry.npmjs.org/laravel-echo/-/laravel-echo-1.11.0.tgz",
            "integrity": "sha512-0IThWqI+UNjrwIu/JI3/MGYXLT15LPrwNymP80cgZckYDyY57+Pf2WXKXa+ViX9qh+1WU34vBjMsJAj8wA5iVQ==",
            "dev": true
        },
        "pusher-js": {
            "version": "7.0.3",
            "resolved": "https://registry.npmjs.org/pusher-js/-/pusher-js-7.0.3.tgz",
            "integrity": "sha512-HIfCvt00CAqgO4W0BrdpPsDcAwy51rB6DN0VMC+JeVRRbo8mn3XTeUeIFjmmlRLZLX8rPhUtLRo7vPag6b8GCw==",
            "dev": true,
            "requires": {
                "tweetnacl": "^1.0.3"
            }
        },
        "tweetnacl": {
            "version": "1.0.3",
            "resolved": "https://registry.npmjs.org/tweetnacl/-/tweetnacl-1.0.3.tgz",
            "integrity": "sha512-6rt+RN7aOi1nGMyC4Xa5DdYiukl2UWCbcJft7YhxReBGQD7OAM8Pbxw6YMo4r2diNEA8FEmu32YOn9rhaiE5yw==",
            "dev": true
        }
    }
}
